
Microsoft Visual Studio Solution File, Format Version 12.00
# Visual Studio Version 16
VisualStudioVersion = 16.0.30907.101
MinimumVisualStudioVersion = 10.0.40219.1
Project("{9A19103F-16F7-4668-BE54-9A1E7A4F7556}") = "DataAccess", "DataAccess\DataAccess.csproj", "{4757BE94-50E1-40BB-B09E-95CB245AFFCA}"
EndProject
Project("{9A19103F-16F7-4668-BE54-9A1E7A4F7556}") = "Business", "Business\Business.csproj", "{4FDC9FBC-3E7E-4579-B5D4-14265CFC8F39}"
EndProject
Project("{9A19103F-16F7-4668-BE54-9A1E7A4F7556}") = "Entities", "Entities\Entities.csproj", "{34D0F0CB-0786-4AB5-AA4A-23BD713A6BED}"
EndProject
Project("{9A19103F-16F7-4668-BE54-9A1E7A4F7556}") = "ConsoleUI", "ConsoleUI\ConsoleUI.csproj", "{F9BB1BE1-8A2E-4FC4-B4DE-D8D6BE6EF2F0}"
EndProject
Project("{9A19103F-16F7-4668-BE54-9A1E7A4F7556}") = "Core", "Core\Core.csproj", "{71C3153F-A972-4B84-B6F9-C3DA3A9BB214}"
EndProject
Project("{FAE04EC0-301F-11D3-BF4B-00C04F79EFBC}") = "WepAPI", "WepAPI\WepAPI.csproj", "{B3BF8CBD-A217-4886-9047-41F69872402D}"
EndProject
Global
	GlobalSection(SolutionConfigurationPlatforms) = preSolution
		Debug|Any CPU = Debug|Any CPU
		Release|Any CPU = Release|Any CPU
	EndGlobalSection
	GlobalSection(ProjectConfigurationPlatforms) = postSolution
		{4757BE94-50E1-40BB-B09E-95CB245AFFCA}.Debug|Any CPU.ActiveCfg = Debug|Any CPU
		{4757BE94-50E1-40BB-B09E-95CB245AFFCA}.Debug|Any CPU.Build.0 = Debug|Any CPU
		{4757BE94-50E1-40BB-B09E-95CB245AFFCA}.Release|Any CPU.ActiveCfg = Release|Any CPU
		{4757BE94-50E1-40BB-B09E-95CB245AFFCA}.Release|Any CPU.Build.0 = Release|Any CPU
		{4FDC9FBC-3E7E-4579-B5D4-14265CFC8F39}.Debug|Any CPU.ActiveCfg = Debug|Any CPU
		{4FDC9FBC-3E7E-4579-B5D4-14265CFC8F39}.Debug|Any CPU.Build.0 = Debug|Any CPU
		{4FDC9FBC-3E7E-4579-B5D4-14265CFC8F39}.Release|Any CPU.ActiveCfg = Release|Any CPU
		{4FDC9FBC-3E7E-4579-B5D4-14265CFC8F39}.Release|Any CPU.Build.0 = Release|Any CPU
		{34D0F0CB-0786-4AB5-AA4A-23BD713A6BED}.Debug|Any CPU.ActiveCfg = Debug|Any CPU
		{34D0F0CB-0786-4AB5-AA4A-23BD713A6BED}.Debug|Any CPU.Build.0 = Debug|Any CPU
		{34D0F0CB-0786-4AB5-AA4A-23BD713A6BED}.Release|Any CPU.ActiveCfg = Release|Any CPU
		{34D0F0CB-0786-4AB5-AA4A-23BD713A6BED}.Release|Any CPU.Build.0 = Release|Any CPU
		{F9BB1BE1-8A2E-4FC4-B4DE-D8D6BE6EF2F0}.Debug|Any CPU.ActiveCfg = Debug|Any CPU
		{F9BB1BE1-8A2E-4FC4-B4DE-D8D6BE6EF2F0}.Debug|Any CPU.Build.0 = Debug|Any CPU
		{F9BB1BE1-8A2E-4FC4-B4DE-D8D6BE6EF2F0}.Release|Any CPU.ActiveCfg = Release|Any CPU
		{F9BB1BE1-8A2E-4FC4-B4DE-D8D6BE6EF2F0}.Release|Any CPU.Build.0 = Release|Any CPU
		{71C3153F-A972-4B84-B6F9-C3DA3A9BB214}.Debug|Any CPU.ActiveCfg = Debug|Any CPU
		{71C3153F-A972-4B84-B6F9-C3DA3A9BB214}.Debug|Any CPU.Build.0 = Debug|Any CPU
		{71C3153F-A972-4B84-B6F9-C3DA3A9BB214}.Release|Any CPU.ActiveCfg = Release|Any CPU
		{71C3153F-A972-4B84-B6F9-C3DA3A9BB214}.Release|Any CPU.Build.0 = Release|Any CPU
		{B3BF8CBD-A217-4886-9047-41F69872402D}.Debug|Any CPU.ActiveCfg = Debug|Any CPU
		{B3BF8CBD-A217-4886-9047-41F69872402D}.Debug|Any CPU.Build.0 = Debug|Any CPU
		{B3BF8CBD-A217-4886-9047-41F69872402D}.Release|Any CPU.ActiveCfg = Release|Any CPU
		{B3BF8CBD-A217-4886-9047-41F69872402D}.Release|Any CPU.Build.0 = Release|Any CPU
	EndGlobalSection
	GlobalSection(SolutionProperties) = preSolution
		HideSolutionNode = FALSE
	EndGlobalSection
	GlobalSection(ExtensibilityGlobals) = postSolution
		SolutionGuid = {7F26567C-54FE-4E54-9EAE-D0AF3BF3F76D}
	EndGlobalSection
EndGlobal
